
Microsoft Visual Studio Solution File, Format Version 12.00
# Visual Studio 15
VisualStudioVersion = 15.0.28010.2036
MinimumVisualStudioVersion = 10.0.40219.1
Project("{FAE04EC0-301F-11D3-BF4B-00C04F79EFBC}") = "GerenciadorDeProcessosSeletivos", "GerenciadorDeProcessosSeletivos\GerenciadorDeProcessosSeletivos.csproj", "{9E496F4D-38C0-4C5E-8BC5-E7A7BF5AB39F}"
EndProject
Global
	GlobalSection(SolutionConfigurationPlatforms) = preSolution
		Debug|Any CPU = Debug|Any CPU
		Release|Any CPU = Release|Any CPU
	EndGlobalSection
	GlobalSection(ProjectConfigurationPlatforms) = postSolution
		{9E496F4D-38C0-4C5E-8BC5-E7A7BF5AB39F}.Debug|Any CPU.ActiveCfg = Debug|Any CPU
		{9E496F4D-38C0-4C5E-8BC5-E7A7BF5AB39F}.Debug|Any CPU.Build.0 = Debug|Any CPU
		{9E496F4D-38C0-4C5E-8BC5-E7A7BF5AB39F}.Release|Any CPU.ActiveCfg = Release|Any CPU
		{9E496F4D-38C0-4C5E-8BC5-E7A7BF5AB39F}.Release|Any CPU.Build.0 = Release|Any CPU
	EndGlobalSection
	GlobalSection(SolutionProperties) = preSolution
		HideSolutionNode = FALSE
	EndGlobalSection
	GlobalSection(ExtensibilityGlobals) = postSolution
		SolutionGuid = {276F5950-68D0-4430-B038-1BCAB01C91D0}
	EndGlobalSection
EndGlobal
